
Microsoft Visual Studio Solution File, Format Version 12.00
# Visual Studio Version 17
VisualStudioVersion = 17.7.34003.232
MinimumVisualStudioVersion = 10.0.40219.1
Project("{FAE04EC0-301F-11D3-BF4B-00C04F79EFBC}") = "Ejercicio5", "Ejercicio5\Ejercicio5.csproj", "{475690D7-7E34-4B8D-9D11-22A84DB4E99F}"
EndProject
Global
	GlobalSection(SolutionConfigurationPlatforms) = preSolution
		Debug|Any CPU = Debug|Any CPU
		Release|Any CPU = Release|Any CPU
	EndGlobalSection
	GlobalSection(ProjectConfigurationPlatforms) = postSolution
		{475690D7-7E34-4B8D-9D11-22A84DB4E99F}.Debug|Any CPU.ActiveCfg = Debug|Any CPU
		{475690D7-7E34-4B8D-9D11-22A84DB4E99F}.Debug|Any CPU.Build.0 = Debug|Any CPU
		{475690D7-7E34-4B8D-9D11-22A84DB4E99F}.Release|Any CPU.ActiveCfg = Release|Any CPU
		{475690D7-7E34-4B8D-9D11-22A84DB4E99F}.Release|Any CPU.Build.0 = Release|Any CPU
	EndGlobalSection
	GlobalSection(SolutionProperties) = preSolution
		HideSolutionNode = FALSE
	EndGlobalSection
	GlobalSection(ExtensibilityGlobals) = postSolution
		SolutionGuid = {0748DCA9-1D57-4294-9CD1-E5DFB231CA6E}
	EndGlobalSection
EndGlobal
