
Microsoft Visual Studio Solution File, Format Version 12.00
# Visual Studio Version 17
VisualStudioVersion = 17.7.34003.232
MinimumVisualStudioVersion = 10.0.40219.1
Project("{FAE04EC0-301F-11D3-BF4B-00C04F79EFBC}") = "Ejercicio20", "Ejercicio20\Ejercicio20.csproj", "{02B270EC-7509-4E77-BC34-8A2DBED06D93}"
EndProject
Global
	GlobalSection(SolutionConfigurationPlatforms) = preSolution
		Debug|Any CPU = Debug|Any CPU
		Release|Any CPU = Release|Any CPU
	EndGlobalSection
	GlobalSection(ProjectConfigurationPlatforms) = postSolution
		{02B270EC-7509-4E77-BC34-8A2DBED06D93}.Debug|Any CPU.ActiveCfg = Debug|Any CPU
		{02B270EC-7509-4E77-BC34-8A2DBED06D93}.Debug|Any CPU.Build.0 = Debug|Any CPU
		{02B270EC-7509-4E77-BC34-8A2DBED06D93}.Release|Any CPU.ActiveCfg = Release|Any CPU
		{02B270EC-7509-4E77-BC34-8A2DBED06D93}.Release|Any CPU.Build.0 = Release|Any CPU
	EndGlobalSection
	GlobalSection(SolutionProperties) = preSolution
		HideSolutionNode = FALSE
	EndGlobalSection
	GlobalSection(ExtensibilityGlobals) = postSolution
		SolutionGuid = {10C5755E-2A7B-42AB-A050-AF8ECC806E5B}
	EndGlobalSection
EndGlobal
