
Microsoft Visual Studio Solution File, Format Version 12.00
# Visual Studio Version 17
VisualStudioVersion = 17.7.34003.232
MinimumVisualStudioVersion = 10.0.40219.1
Project("{FAE04EC0-301F-11D3-BF4B-00C04F79EFBC}") = "Ejercicio14", "Ejercicio14\Ejercicio14.csproj", "{221FBB17-B87F-4B2F-8FA9-55DE42F2CF62}"
EndProject
Global
	GlobalSection(SolutionConfigurationPlatforms) = preSolution
		Debug|Any CPU = Debug|Any CPU
		Release|Any CPU = Release|Any CPU
	EndGlobalSection
	GlobalSection(ProjectConfigurationPlatforms) = postSolution
		{221FBB17-B87F-4B2F-8FA9-55DE42F2CF62}.Debug|Any CPU.ActiveCfg = Debug|Any CPU
		{221FBB17-B87F-4B2F-8FA9-55DE42F2CF62}.Debug|Any CPU.Build.0 = Debug|Any CPU
		{221FBB17-B87F-4B2F-8FA9-55DE42F2CF62}.Release|Any CPU.ActiveCfg = Release|Any CPU
		{221FBB17-B87F-4B2F-8FA9-55DE42F2CF62}.Release|Any CPU.Build.0 = Release|Any CPU
	EndGlobalSection
	GlobalSection(SolutionProperties) = preSolution
		HideSolutionNode = FALSE
	EndGlobalSection
	GlobalSection(ExtensibilityGlobals) = postSolution
		SolutionGuid = {FFF59780-1828-4E13-B267-2A0B8F50BDB0}
	EndGlobalSection
EndGlobal
